// !$*UTF8*$!
{
	archiveVersion = 1;
	classes = {
	};
	objectVersion = 55;
	objects = {

/* Begin PBXBuildFile section */
		2F671CE22822E09A00FD4304 /* SignupVC.swift in Sources */ = {isa = PBXBuildFile; fileRef = 2F671CE02822E09A00FD4304 /* SignupVC.swift */; };
		2F671CE72822E49900FD4304 /* SignupVC.xib in Resources */ = {isa = PBXBuildFile; fileRef = 2F671CE62822E49900FD4304 /* SignupVC.xib */; };
		A02CA77A2824BE1B00CC1FBC /* HomeScreen.swift in Sources */ = {isa = PBXBuildFile; fileRef = A02CA7782824BE1B00CC1FBC /* HomeScreen.swift */; };
		A02CA77B2824BE1B00CC1FBC /* HomeScreen.xib in Resources */ = {isa = PBXBuildFile; fileRef = A02CA7792824BE1B00CC1FBC /* HomeScreen.xib */; };
		CE92DE5028229A9400368E57 /* AppDelegate.swift in Sources */ = {isa = PBXBuildFile; fileRef = CE92DE4F28229A9400368E57 /* AppDelegate.swift */; };
		CE92DE5928229A9900368E57 /* Assets.xcassets in Resources */ = {isa = PBXBuildFile; fileRef = CE92DE5828229A9900368E57 /* Assets.xcassets */; };
		CE92DE5C28229A9900368E57 /* LaunchScreen.storyboard in Resources */ = {isa = PBXBuildFile; fileRef = CE92DE5A28229A9900368E57 /* LaunchScreen.storyboard */; };
		CE92DE652822D04300368E57 /* LoginVC.swift in Sources */ = {isa = PBXBuildFile; fileRef = CE92DE632822D04300368E57 /* LoginVC.swift */; };
		CE92DE662822D04300368E57 /* LoginVC.xib in Resources */ = {isa = PBXBuildFile; fileRef = CE92DE642822D04300368E57 /* LoginVC.xib */; };
/* End PBXBuildFile section */

/* Begin PBXFileReference section */
		2F671CE02822E09A00FD4304 /* SignupVC.swift */ = {isa = PBXFileReference; lastKnownFileType = sourcecode.swift; path = SignupVC.swift; sourceTree = "<group>"; };
		2F671CE62822E49900FD4304 /* SignupVC.xib */ = {isa = PBXFileReference; fileEncoding = 4; lastKnownFileType = file.xib; path = SignupVC.xib; sourceTree = "<group>"; };
		A02CA7782824BE1B00CC1FBC /* HomeScreen.swift */ = {isa = PBXFileReference; lastKnownFileType = sourcecode.swift; path = HomeScreen.swift; sourceTree = "<group>"; };
		A02CA7792824BE1B00CC1FBC /* HomeScreen.xib */ = {isa = PBXFileReference; lastKnownFileType = file.xib; path = HomeScreen.xib; sourceTree = "<group>"; };
		CE92DE4C28229A9400368E57 /* UtilitiesApp.app */ = {isa = PBXFileReference; explicitFileType = wrapper.application; includeInIndex = 0; path = UtilitiesApp.app; sourceTree = BUILT_PRODUCTS_DIR; };
		CE92DE4F28229A9400368E57 /* AppDelegate.swift */ = {isa = PBXFileReference; lastKnownFileType = sourcecode.swift; path = AppDelegate.swift; sourceTree = "<group>"; };
		CE92DE5828229A9900368E57 /* Assets.xcassets */ = {isa = PBXFileReference; lastKnownFileType = folder.assetcatalog; path = Assets.xcassets; sourceTree = "<group>"; };
		CE92DE5B28229A9900368E57 /* Base */ = {isa = PBXFileReference; lastKnownFileType = file.storyboard; name = Base; path = Base.lproj/LaunchScreen.storyboard; sourceTree = "<group>"; };
		CE92DE5D28229A9900368E57 /* Info.plist */ = {isa = PBXFileReference; lastKnownFileType = text.plist.xml; path = Info.plist; sourceTree = "<group>"; };
		CE92DE632822D04300368E57 /* LoginVC.swift */ = {isa = PBXFileReference; lastKnownFileType = sourcecode.swift; path = LoginVC.swift; sourceTree = "<group>"; };
		CE92DE642822D04300368E57 /* LoginVC.xib */ = {isa = PBXFileReference; lastKnownFileType = file.xib; path = LoginVC.xib; sourceTree = "<group>"; };
/* End PBXFileReference section */

/* Begin PBXFrameworksBuildPhase section */
		CE92DE4928229A9400368E57 /* Frameworks */ = {
			isa = PBXFrameworksBuildPhase;
			buildActionMask = 2147483647;
			files = (
			);
			runOnlyForDeploymentPostprocessing = 0;
		};
/* End PBXFrameworksBuildPhase section */

/* Begin PBXGroup section */
		A02CA77C2824C08C00CC1FBC /* HomeScreen */ = {
			isa = PBXGroup;
			children = (
				A02CA7782824BE1B00CC1FBC /* HomeScreen.swift */,
				A02CA7792824BE1B00CC1FBC /* HomeScreen.xib */,
			);
			path = HomeScreen;
			sourceTree = "<group>";
		};
		CE140A7B2822E56800414FB5 /* SignUp */ = {
			isa = PBXGroup;
			children = (
				2F671CE02822E09A00FD4304 /* SignupVC.swift */,
				2F671CE62822E49900FD4304 /* SignupVC.xib */,
			);
			path = SignUp;
			sourceTree = "<group>";
		};
		CE92DE4328229A9400368E57 = {
			isa = PBXGroup;
			children = (
				CE92DE4E28229A9400368E57 /* UtilitiesApp */,
				CE92DE4D28229A9400368E57 /* Products */,
			);
			sourceTree = "<group>";
		};
		CE92DE4D28229A9400368E57 /* Products */ = {
			isa = PBXGroup;
			children = (
				CE92DE4C28229A9400368E57 /* UtilitiesApp.app */,
			);
			name = Products;
			sourceTree = "<group>";
		};
		CE92DE4E28229A9400368E57 /* UtilitiesApp */ = {
			isa = PBXGroup;
			children = (
				CE92DE4F28229A9400368E57 /* AppDelegate.swift */,
				CE92DE672822D04900368E57 /* Login */,
				CE140A7B2822E56800414FB5 /* SignUp */,
				CE92DE5828229A9900368E57 /* Assets.xcassets */,
				CE92DE5A28229A9900368E57 /* LaunchScreen.storyboard */,
				CE92DE5D28229A9900368E57 /* Info.plist */,
				A02CA77C2824C08C00CC1FBC /* HomeScreen */,
			);
			path = UtilitiesApp;
			sourceTree = "<group>";
		};
		CE92DE672822D04900368E57 /* Login */ = {
			isa = PBXGroup;
			children = (
				CE92DE632822D04300368E57 /* LoginVC.swift */,
				CE92DE642822D04300368E57 /* LoginVC.xib */,
			);
			path = Login;
			sourceTree = "<group>";
		};
/* End PBXGroup section */

/* Begin PBXNativeTarget section */
		CE92DE4B28229A9400368E57 /* UtilitiesApp */ = {
			isa = PBXNativeTarget;
			buildConfigurationList = CE92DE6028229A9900368E57 /* Build configuration list for PBXNativeTarget "UtilitiesApp" */;
			buildPhases = (
				CE92DE4828229A9400368E57 /* Sources */,
				CE92DE4928229A9400368E57 /* Frameworks */,
				CE92DE4A28229A9400368E57 /* Resources */,
			);
			buildRules = (
			);
			dependencies = (
			);
			name = UtilitiesApp;
			productName = UtilitiesApp;
			productReference = CE92DE4C28229A9400368E57 /* UtilitiesApp.app */;
			productType = "com.apple.product-type.application";
		};
/* End PBXNativeTarget section */

/* Begin PBXProject section */
		CE92DE4428229A9400368E57 /* Project object */ = {
			isa = PBXProject;
			attributes = {
				BuildIndependentTargetsInParallel = 1;
				LastSwiftUpdateCheck = 1330;
				LastUpgradeCheck = 1330;
				TargetAttributes = {
					CE92DE4B28229A9400368E57 = {
						CreatedOnToolsVersion = 13.3;
					};
				};
			};
			buildConfigurationList = CE92DE4728229A9400368E57 /* Build configuration list for PBXProject "UtilitiesApp" */;
			compatibilityVersion = "Xcode 13.0";
			developmentRegion = en;
			hasScannedForEncodings = 0;
			knownRegions = (
				en,
				Base,
			);
			mainGroup = CE92DE4328229A9400368E57;
			productRefGroup = CE92DE4D28229A9400368E57 /* Products */;
			projectDirPath = "";
			projectRoot = "";
			targets = (
				CE92DE4B28229A9400368E57 /* UtilitiesApp */,
			);
		};
/* End PBXProject section */

/* Begin PBXResourcesBuildPhase section */
		CE92DE4A28229A9400368E57 /* Resources */ = {
			isa = PBXResourcesBuildPhase;
			buildActionMask = 2147483647;
			files = (
				2F671CE72822E49900FD4304 /* SignupVC.xib in Resources */,
				CE92DE662822D04300368E57 /* LoginVC.xib in Resources */,
				A02CA77B2824BE1B00CC1FBC /* HomeScreen.xib in Resources */,
				CE92DE5C28229A9900368E57 /* LaunchScreen.storyboard in Resources */,
				CE92DE5928229A9900368E57 /* Assets.xcassets in Resources */,
			);
			runOnlyForDeploymentPostprocessing = 0;
		};
/* End PBXResourcesBuildPhase section */

/* Begin PBXSourcesBuildPhase section */
		CE92DE4828229A9400368E57 /* Sources */ = {
			isa = PBXSourcesBuildPhase;
			buildActionMask = 2147483647;
			files = (
				A02CA77A2824BE1B00CC1FBC /* HomeScreen.swift in Sources */,
				2F671CE22822E09A00FD4304 /* SignupVC.swift in Sources */,
				CE92DE652822D04300368E57 /* LoginVC.swift in Sources */,
				CE92DE5028229A9400368E57 /* AppDelegate.swift in Sources */,
			);
			runOnlyForDeploymentPostprocessing = 0;
		};
/* End PBXSourcesBuildPhase section */

/* Begin PBXVariantGroup section */
		CE92DE5A28229A9900368E57 /* LaunchScreen.storyboard */ = {
			isa = PBXVariantGroup;
			children = (
				CE92DE5B28229A9900368E57 /* Base */,
			);
			name = LaunchScreen.storyboard;
			sourceTree = "<group>";
		};
/* End PBXVariantGroup section */

/* Begin XCBuildConfiguration section */
		CE92DE5E28229A9900368E57 /* Debug */ = {
			isa = XCBuildConfiguration;
			buildSettings = {
				ALWAYS_SEARCH_USER_PATHS = NO;
				CLANG_ANALYZER_NONNULL = YES;
				CLANG_ANALYZER_NUMBER_OBJECT_CONVERSION = YES_AGGRESSIVE;
				CLANG_CXX_LANGUAGE_STANDARD = "gnu++17";
				CLANG_ENABLE_MODULES = YES;
				CLANG_ENABLE_OBJC_ARC = YES;
				CLANG_ENABLE_OBJC_WEAK = YES;
				CLANG_WARN_BLOCK_CAPTURE_AUTORELEASING = YES;
				CLANG_WARN_BOOL_CONVERSION = YES;
				CLANG_WARN_COMMA = YES;
				CLANG_WARN_CONSTANT_CONVERSION = YES;
				CLANG_WARN_DEPRECATED_OBJC_IMPLEMENTATIONS = YES;
				CLANG_WARN_DIRECT_OBJC_ISA_USAGE = YES_ERROR;
				CLANG_WARN_DOCUMENTATION_COMMENTS = YES;
				CLANG_WARN_EMPTY_BODY = YES;
				CLANG_WARN_ENUM_CONVERSION = YES;
				CLANG_WARN_INFINITE_RECURSION = YES;
				CLANG_WARN_INT_CONVERSION = YES;
				CLANG_WARN_NON_LITERAL_NULL_CONVERSION = YES;
				CLANG_WARN_OBJC_IMPLICIT_RETAIN_SELF = YES;
				CLANG_WARN_OBJC_LITERAL_CONVERSION = YES;
				CLANG_WARN_OBJC_ROOT_CLASS = YES_ERROR;
				CLANG_WARN_QUOTED_INCLUDE_IN_FRAMEWORK_HEADER = YES;
				CLANG_WARN_RANGE_LOOP_ANALYSIS = YES;
				CLANG_WARN_STRICT_PROTOTYPES = YES;
				CLANG_WARN_SUSPICIOUS_MOVE = YES;
				CLANG_WARN_UNGUARDED_AVAILABILITY = YES_AGGRESSIVE;
				CLANG_WARN_UNREACHABLE_CODE = YES;
				CLANG_WARN__DUPLICATE_METHOD_MATCH = YES;
				COPY_PHASE_STRIP = NO;
				DEBUG_INFORMATION_FORMAT = dwarf;
				ENABLE_STRICT_OBJC_MSGSEND = YES;
				ENABLE_TESTABILITY = YES;
				GCC_C_LANGUAGE_STANDARD = gnu11;
				GCC_DYNAMIC_NO_PIC = NO;
				GCC_NO_COMMON_BLOCKS = YES;
				GCC_OPTIMIZATION_LEVEL = 0;
				GCC_PREPROCESSOR_DEFINITIONS = (
					"DEBUG=1",
					"$(inherited)",
				);
				GCC_WARN_64_TO_32_BIT_CONVERSION = YES;
				GCC_WARN_ABOUT_RETURN_TYPE = YES_ERROR;
				GCC_WARN_UNDECLARED_SELECTOR = YES;
				GCC_WARN_UNINITIALIZED_AUTOS = YES_AGGRESSIVE;
				GCC_WARN_UNUSED_FUNCTION = YES;
				GCC_WARN_UNUSED_VARIABLE = YES;
				IPHONEOS_DEPLOYMENT_TARGET = 15.4;
				MTL_ENABLE_DEBUG_INFO = INCLUDE_SOURCE;
				MTL_FAST_MATH = YES;
				ONLY_ACTIVE_ARCH = YES;
				SDKROOT = iphoneos;
				SWIFT_ACTIVE_COMPILATION_CONDITIONS = DEBUG;
				SWIFT_OPTIMIZATION_LEVEL = "-Onone";
			};
			name = Debug;
		};
		CE92DE5F28229A9900368E57 /* Release */ = {
			isa = XCBuildConfiguration;
			buildSettings = {
				ALWAYS_SEARCH_USER_PATHS = NO;
				CLANG_ANALYZER_NONNULL = YES;
				CLANG_ANALYZER_NUMBER_OBJECT_CONVERSION = YES_AGGRESSIVE;
				CLANG_CXX_LANGUAGE_STANDARD = "gnu++17";
				CLANG_ENABLE_MODULES = YES;
				CLANG_ENABLE_OBJC_ARC = YES;
				CLANG_ENABLE_OBJC_WEAK = YES;
				CLANG_WARN_BLOCK_CAPTURE_AUTORELEASING = YES;
				CLANG_WARN_BOOL_CONVERSION = YES;
				CLANG_WARN_COMMA = YES;
				CLANG_WARN_CONSTANT_CONVERSION = YES;
				CLANG_WARN_DEPRECATED_OBJC_IMPLEMENTATIONS = YES;
				CLANG_WARN_DIRECT_OBJC_ISA_USAGE = YES_ERROR;
				CLANG_WARN_DOCUMENTATION_COMMENTS = YES;
				CLANG_WARN_EMPTY_BODY = YES;
				CLANG_WARN_ENUM_CONVERSION = YES;
				CLANG_WARN_INFINITE_RECURSION = YES;
				CLANG_WARN_INT_CONVERSION = YES;
				CLANG_WARN_NON_LITERAL_NULL_CONVERSION = YES;
				CLANG_WARN_OBJC_IMPLICIT_RETAIN_SELF = YES;
				CLANG_WARN_OBJC_LITERAL_CONVERSION = YES;
				CLANG_WARN_OBJC_ROOT_CLASS = YES_ERROR;
				CLANG_WARN_QUOTED_INCLUDE_IN_FRAMEWORK_HEADER = YES;
				CLANG_WARN_RANGE_LOOP_ANALYSIS = YES;
				CLANG_WARN_STRICT_PROTOTYPES = YES;
				CLANG_WARN_SUSPICIOUS_MOVE = YES;
				CLANG_WARN_UNGUARDED_AVAILABILITY = YES_AGGRESSIVE;
				CLANG_WARN_UNREACHABLE_CODE = YES;
				CLANG_WARN__DUPLICATE_METHOD_MATCH = YES;
				COPY_PHASE_STRIP = NO;
				DEBUG_INFORMATION_FORMAT = "dwarf-with-dsym";
				ENABLE_NS_ASSERTIONS = NO;
				ENABLE_STRICT_OBJC_MSGSEND = YES;
				GCC_C_LANGUAGE_STANDARD = gnu11;
				GCC_NO_COMMON_BLOCKS = YES;
				GCC_WARN_64_TO_32_BIT_CONVERSION = YES;
				GCC_WARN_ABOUT_RETURN_TYPE = YES_ERROR;
				GCC_WARN_UNDECLARED_SELECTOR = YES;
				GCC_WARN_UNINITIALIZED_AUTOS = YES_AGGRESSIVE;
				GCC_WARN_UNUSED_FUNCTION = YES;
				GCC_WARN_UNUSED_VARIABLE = YES;
				IPHONEOS_DEPLOYMENT_TARGET = 15.4;
				MTL_ENABLE_DEBUG_INFO = NO;
				MTL_FAST_MATH = YES;
				SDKROOT = iphoneos;
				SWIFT_COMPILATION_MODE = wholemodule;
				SWIFT_OPTIMIZATION_LEVEL = "-O";
				VALIDATE_PRODUCT = YES;
			};
			name = Release;
		};
		CE92DE6128229A9900368E57 /* Debug */ = {
			isa = XCBuildConfiguration;
			buildSettings = {
				ASSETCATALOG_COMPILER_APPICON_NAME = AppIcon;
				ASSETCATALOG_COMPILER_GLOBAL_ACCENT_COLOR_NAME = AccentColor;
				CODE_SIGN_STYLE = Automatic;
				CURRENT_PROJECT_VERSION = 1;
				DEVELOPMENT_TEAM = KM57F785YC;
				GENERATE_INFOPLIST_FILE = YES;
				INFOPLIST_FILE = UtilitiesApp/Info.plist;
				INFOPLIST_KEY_UIApplicationSupportsIndirectInputEvents = YES;
				INFOPLIST_KEY_UILaunchStoryboardName = LaunchScreen;
				INFOPLIST_KEY_UISupportedInterfaceOrientations_iPad = "UIInterfaceOrientationPortrait UIInterfaceOrientationPortraitUpsideDown UIInterfaceOrientationLandscapeLeft UIInterfaceOrientationLandscapeRight";
				INFOPLIST_KEY_UISupportedInterfaceOrientations_iPhone = "UIInterfaceOrientationPortrait UIInterfaceOrientationLandscapeLeft UIInterfaceOrientationLandscapeRight";
				LD_RUNPATH_SEARCH_PATHS = (
					"$(inherited)",
					"@executable_path/Frameworks",
				);
				MARKETING_VERSION = 1.0;
				PRODUCT_BUNDLE_IDENTIFIER = p.UtilitiesApp;
				PRODUCT_NAME = "$(TARGET_NAME)";
				SWIFT_EMIT_LOC_STRINGS = YES;
				SWIFT_VERSION = 5.0;
				TARGETED_DEVICE_FAMILY = 1;
			};
			name = Debug;
		};
		CE92DE6228229A9900368E57 /* Release */ = {
			isa = XCBuildConfiguration;
			buildSettings = {
				ASSETCATALOG_COMPILER_APPICON_NAME = AppIcon;
				ASSETCATALOG_COMPILER_GLOBAL_ACCENT_COLOR_NAME = AccentColor;
				CODE_SIGN_STYLE = Automatic;
				CURRENT_PROJECT_VERSION = 1;
				DEVELOPMENT_TEAM = KM57F785YC;
				GENERATE_INFOPLIST_FILE = YES;
				INFOPLIST_FILE = UtilitiesApp/Info.plist;
				INFOPLIST_KEY_UIApplicationSupportsIndirectInputEvents = YES;
				INFOPLIST_KEY_UILaunchStoryboardName = LaunchScreen;
				INFOPLIST_KEY_UISupportedInterfaceOrientations_iPad = "UIInterfaceOrientationPortrait UIInterfaceOrientationPortraitUpsideDown UIInterfaceOrientationLandscapeLeft UIInterfaceOrientationLandscapeRight";
				INFOPLIST_KEY_UISupportedInterfaceOrientations_iPhone = "UIInterfaceOrientationPortrait UIInterfaceOrientationLandscapeLeft UIInterfaceOrientationLandscapeRight";
				LD_RUNPATH_SEARCH_PATHS = (
					"$(inherited)",
					"@executable_path/Frameworks",
				);
				MARKETING_VERSION = 1.0;
				PRODUCT_BUNDLE_IDENTIFIER = p.UtilitiesApp;
				PRODUCT_NAME = "$(TARGET_NAME)";
				SWIFT_EMIT_LOC_STRINGS = YES;
				SWIFT_VERSION = 5.0;
				TARGETED_DEVICE_FAMILY = 1;
			};
			name = Release;
		};
/* End XCBuildConfiguration section */

/* Begin XCConfigurationList section */
		CE92DE4728229A9400368E57 /* Build configuration list for PBXProject "UtilitiesApp" */ = {
			isa = XCConfigurationList;
			buildConfigurations = (
				CE92DE5E28229A9900368E57 /* Debug */,
				CE92DE5F28229A9900368E57 /* Release */,
			);
			defaultConfigurationIsVisible = 0;
			defaultConfigurationName = Release;
		};
		CE92DE6028229A9900368E57 /* Build configuration list for PBXNativeTarget "UtilitiesApp" */ = {
			isa = XCConfigurationList;
			buildConfigurations = (
				CE92DE6128229A9900368E57 /* Debug */,
				CE92DE6228229A9900368E57 /* Release */,
			);
			defaultConfigurationIsVisible = 0;
			defaultConfigurationName = Release;
		};
/* End XCConfigurationList section */
	};
	rootObject = CE92DE4428229A9400368E57 /* Project object */;
}
